// !$*UTF8*$!
{
	archiveVersion = 1;
	classes = {
	};
	objectVersion = 50;
	objects = {

/* Begin PBXBuildFile section */
		0039882CA5F133F1A32268C3 /* Pods_Todoey.framework in Frameworks */ = {isa = PBXBuildFile; fileRef = E6E3202B4A52E99C719F138B /* Pods_Todoey.framework */; };
		140D83B3225FA9AE0095D600 /* AppDelegate.swift in Sources */ = {isa = PBXBuildFile; fileRef = 140D83B2225FA9AE0095D600 /* AppDelegate.swift */; };
		140D83B5225FA9AE0095D600 /* TodoListViewController.swift in Sources */ = {isa = PBXBuildFile; fileRef = 140D83B4225FA9AE0095D600 /* TodoListViewController.swift */; };
		140D83B8225FA9AE0095D600 /* Main.storyboard in Resources */ = {isa = PBXBuildFile; fileRef = 140D83B6225FA9AE0095D600 /* Main.storyboard */; };
		140D83BA225FA9AF0095D600 /* Assets.xcassets in Resources */ = {isa = PBXBuildFile; fileRef = 140D83B9225FA9AF0095D600 /* Assets.xcassets */; };
		140D83BD225FA9AF0095D600 /* LaunchScreen.storyboard in Resources */ = {isa = PBXBuildFile; fileRef = 140D83BB225FA9AF0095D600 /* LaunchScreen.storyboard */; };
		140D83C52260B1E90095D600 /* ItemModel.swift in Sources */ = {isa = PBXBuildFile; fileRef = 140D83C42260B1E90095D600 /* ItemModel.swift */; };
		140D83ED226248970095D600 /* DataModel.xcdatamodeld in Sources */ = {isa = PBXBuildFile; fileRef = 140D83EB226248970095D600 /* DataModel.xcdatamodeld */; };
		140D83EF2262518B0095D600 /* TodoListUserDefaultsAndNSCoderController.swift in Sources */ = {isa = PBXBuildFile; fileRef = 140D83EE2262518B0095D600 /* TodoListUserDefaultsAndNSCoderController.swift */; };
		140D83F122634B700095D600 /* CategoryViewController.swift in Sources */ = {isa = PBXBuildFile; fileRef = 140D83F022634B700095D600 /* CategoryViewController.swift */; };
		140D83F32264AC090095D600 /* Data.swift in Sources */ = {isa = PBXBuildFile; fileRef = 140D83F22264AC090095D600 /* Data.swift */; };
		140D83F52264B0C20095D600 /* ItemData.swift in Sources */ = {isa = PBXBuildFile; fileRef = 140D83F42264B0C20095D600 /* ItemData.swift */; };
		140D83F72264B0DB0095D600 /* CategoryData.swift in Sources */ = {isa = PBXBuildFile; fileRef = 140D83F62264B0DB0095D600 /* CategoryData.swift */; };
		140D83F92264B1F60095D600 /* TodoCoreDataViewController.swift in Sources */ = {isa = PBXBuildFile; fileRef = 140D83F82264B1F60095D600 /* TodoCoreDataViewController.swift */; };
		140D83FB2264B2110095D600 /* CategoryCoreDataViewController.swift in Sources */ = {isa = PBXBuildFile; fileRef = 140D83FA2264B2110095D600 /* CategoryCoreDataViewController.swift */; };
		140D83FD22689B030095D600 /* SwipeTableViewController.swift in Sources */ = {isa = PBXBuildFile; fileRef = 140D83FC22689B030095D600 /* SwipeTableViewController.swift */; };
/* End PBXBuildFile section */

/* Begin PBXFileReference section */
		140D83AF225FA9AE0095D600 /* Todoey.app */ = {isa = PBXFileReference; explicitFileType = wrapper.application; includeInIndex = 0; path = Todoey.app; sourceTree = BUILT_PRODUCTS_DIR; };
		140D83B2225FA9AE0095D600 /* AppDelegate.swift */ = {isa = PBXFileReference; lastKnownFileType = sourcecode.swift; path = AppDelegate.swift; sourceTree = "<group>"; };
		140D83B4225FA9AE0095D600 /* TodoListViewController.swift */ = {isa = PBXFileReference; lastKnownFileType = sourcecode.swift; path = TodoListViewController.swift; sourceTree = "<group>"; };
		140D83B7225FA9AE0095D600 /* Base */ = {isa = PBXFileReference; lastKnownFileType = file.storyboard; name = Base; path = Base.lproj/Main.storyboard; sourceTree = "<group>"; };
		140D83B9225FA9AF0095D600 /* Assets.xcassets */ = {isa = PBXFileReference; lastKnownFileType = folder.assetcatalog; path = Assets.xcassets; sourceTree = "<group>"; };
		140D83BC225FA9AF0095D600 /* Base */ = {isa = PBXFileReference; lastKnownFileType = file.storyboard; name = Base; path = Base.lproj/LaunchScreen.storyboard; sourceTree = "<group>"; };
		140D83BE225FA9AF0095D600 /* Info.plist */ = {isa = PBXFileReference; lastKnownFileType = text.plist.xml; path = Info.plist; sourceTree = "<group>"; };
		140D83C42260B1E90095D600 /* ItemModel.swift */ = {isa = PBXFileReference; lastKnownFileType = sourcecode.swift; path = ItemModel.swift; sourceTree = "<group>"; };
		140D83EC226248970095D600 /* DataModel.xcdatamodel */ = {isa = PBXFileReference; lastKnownFileType = wrapper.xcdatamodel; path = DataModel.xcdatamodel; sourceTree = "<group>"; };
		140D83EE2262518B0095D600 /* TodoListUserDefaultsAndNSCoderController.swift */ = {isa = PBXFileReference; lastKnownFileType = sourcecode.swift; path = TodoListUserDefaultsAndNSCoderController.swift; sourceTree = "<group>"; };
		140D83F022634B700095D600 /* CategoryViewController.swift */ = {isa = PBXFileReference; lastKnownFileType = sourcecode.swift; path = CategoryViewController.swift; sourceTree = "<group>"; };
		140D83F22264AC090095D600 /* Data.swift */ = {isa = PBXFileReference; lastKnownFileType = sourcecode.swift; path = Data.swift; sourceTree = "<group>"; };
		140D83F42264B0C20095D600 /* ItemData.swift */ = {isa = PBXFileReference; lastKnownFileType = sourcecode.swift; path = ItemData.swift; sourceTree = "<group>"; };
		140D83F62264B0DB0095D600 /* CategoryData.swift */ = {isa = PBXFileReference; lastKnownFileType = sourcecode.swift; path = CategoryData.swift; sourceTree = "<group>"; };
		140D83F82264B1F60095D600 /* TodoCoreDataViewController.swift */ = {isa = PBXFileReference; lastKnownFileType = sourcecode.swift; path = TodoCoreDataViewController.swift; sourceTree = "<group>"; };
		140D83FA2264B2110095D600 /* CategoryCoreDataViewController.swift */ = {isa = PBXFileReference; lastKnownFileType = sourcecode.swift; path = CategoryCoreDataViewController.swift; sourceTree = "<group>"; };
		140D83FC22689B030095D600 /* SwipeTableViewController.swift */ = {isa = PBXFileReference; lastKnownFileType = sourcecode.swift; path = SwipeTableViewController.swift; sourceTree = "<group>"; };
		44068FAC6FF0F123733A3169 /* Pods-Todoey.debug.xcconfig */ = {isa = PBXFileReference; includeInIndex = 1; lastKnownFileType = text.xcconfig; name = "Pods-Todoey.debug.xcconfig"; path = "Target Support Files/Pods-Todoey/Pods-Todoey.debug.xcconfig"; sourceTree = "<group>"; };
		A007367614C1E55574E42AA2 /* Pods-Todoey.release.xcconfig */ = {isa = PBXFileReference; includeInIndex = 1; lastKnownFileType = text.xcconfig; name = "Pods-Todoey.release.xcconfig"; path = "Target Support Files/Pods-Todoey/Pods-Todoey.release.xcconfig"; sourceTree = "<group>"; };
		E6E3202B4A52E99C719F138B /* Pods_Todoey.framework */ = {isa = PBXFileReference; explicitFileType = wrapper.framework; includeInIndex = 0; path = Pods_Todoey.framework; sourceTree = BUILT_PRODUCTS_DIR; };
/* End PBXFileReference section */

/* Begin PBXFrameworksBuildPhase section */
		140D83AC225FA9AE0095D600 /* Frameworks */ = {
			isa = PBXFrameworksBuildPhase;
			buildActionMask = 2147483647;
			files = (
				0039882CA5F133F1A32268C3 /* Pods_Todoey.framework in Frameworks */,
			);
			runOnlyForDeploymentPostprocessing = 0;
		};
/* End PBXFrameworksBuildPhase section */

/* Begin PBXGroup section */
		140D83A6225FA9AE0095D600 = {
			isa = PBXGroup;
			children = (
				140D83B1225FA9AE0095D600 /* Todoey */,
				140D83B0225FA9AE0095D600 /* Products */,
				5708544DF087AC81B33A180F /* Pods */,
				CD30E939164FD23CD95456B5 /* Frameworks */,
			);
			sourceTree = "<group>";
		};
		140D83B0225FA9AE0095D600 /* Products */ = {
			isa = PBXGroup;
			children = (
				140D83AF225FA9AE0095D600 /* Todoey.app */,
			);
			name = Products;
			sourceTree = "<group>";
		};
		140D83B1225FA9AE0095D600 /* Todoey */ = {
			isa = PBXGroup;
			children = (
				140D83B2225FA9AE0095D600 /* AppDelegate.swift */,
				140D83C72260B2020095D600 /* Controllers */,
				140D83C82260B2160095D600 /* Views */,
				140D83C92260B2200095D600 /* Supporting Files */,
				140D83BE225FA9AF0095D600 /* Info.plist */,
				140D83C62260B1F30095D600 /* Data Model */,
			);
			path = Todoey;
			sourceTree = "<group>";
		};
		140D83C62260B1F30095D600 /* Data Model */ = {
			isa = PBXGroup;
			children = (
				140D83C42260B1E90095D600 /* ItemModel.swift */,
				140D83EB226248970095D600 /* DataModel.xcdatamodeld */,
				140D83F22264AC090095D600 /* Data.swift */,
				140D83F42264B0C20095D600 /* ItemData.swift */,
				140D83F62264B0DB0095D600 /* CategoryData.swift */,
			);
			path = "Data Model";
			sourceTree = "<group>";
		};
		140D83C72260B2020095D600 /* Controllers */ = {
			isa = PBXGroup;
			children = (
				140D83F022634B700095D600 /* CategoryViewController.swift */,
				140D83B4225FA9AE0095D600 /* TodoListViewController.swift */,
				140D83EE2262518B0095D600 /* TodoListUserDefaultsAndNSCoderController.swift */,
				140D83F82264B1F60095D600 /* TodoCoreDataViewController.swift */,
				140D83FA2264B2110095D600 /* CategoryCoreDataViewController.swift */,
				140D83FC22689B030095D600 /* SwipeTableViewController.swift */,
			);
			path = Controllers;
			sourceTree = "<group>";
		};
		140D83C82260B2160095D600 /* Views */ = {
			isa = PBXGroup;
			children = (
				140D83B6225FA9AE0095D600 /* Main.storyboard */,
			);
			path = Views;
			sourceTree = "<group>";
		};
		140D83C92260B2200095D600 /* Supporting Files */ = {
			isa = PBXGroup;
			children = (
				140D83B9225FA9AF0095D600 /* Assets.xcassets */,
				140D83BB225FA9AF0095D600 /* LaunchScreen.storyboard */,
			);
			path = "Supporting Files";
			sourceTree = "<group>";
		};
		5708544DF087AC81B33A180F /* Pods */ = {
			isa = PBXGroup;
			children = (
				44068FAC6FF0F123733A3169 /* Pods-Todoey.debug.xcconfig */,
				A007367614C1E55574E42AA2 /* Pods-Todoey.release.xcconfig */,
			);
			path = Pods;
			sourceTree = "<group>";
		};
		CD30E939164FD23CD95456B5 /* Frameworks */ = {
			isa = PBXGroup;
			children = (
				E6E3202B4A52E99C719F138B /* Pods_Todoey.framework */,
			);
			name = Frameworks;
			sourceTree = "<group>";
		};
/* End PBXGroup section */

/* Begin PBXNativeTarget section */
		140D83AE225FA9AE0095D600 /* Todoey */ = {
			isa = PBXNativeTarget;
			buildConfigurationList = 140D83C1225FA9AF0095D600 /* Build configuration list for PBXNativeTarget "Todoey" */;
			buildPhases = (
				A99E05FF78D875C15EF7A096 /* [CP] Check Pods Manifest.lock */,
				140D83AB225FA9AE0095D600 /* Sources */,
				140D83AC225FA9AE0095D600 /* Frameworks */,
				140D83AD225FA9AE0095D600 /* Resources */,
				79C18EE7F5D6BE5BE22B7BF2 /* [CP] Embed Pods Frameworks */,
			);
			buildRules = (
			);
			dependencies = (
			);
			name = Todoey;
			productName = Todoey;
			productReference = 140D83AF225FA9AE0095D600 /* Todoey.app */;
			productType = "com.apple.product-type.application";
		};
/* End PBXNativeTarget section */

/* Begin PBXProject section */
		140D83A7225FA9AE0095D600 /* Project object */ = {
			isa = PBXProject;
			attributes = {
				LastSwiftUpdateCheck = 1020;
				LastUpgradeCheck = 1020;
				ORGANIZATIONNAME = "Isaac Iniongun";
				TargetAttributes = {
					140D83AE225FA9AE0095D600 = {
						CreatedOnToolsVersion = 10.2;
					};
				};
			};
			buildConfigurationList = 140D83AA225FA9AE0095D600 /* Build configuration list for PBXProject "Todoey" */;
			compatibilityVersion = "Xcode 9.3";
			developmentRegion = en;
			hasScannedForEncodings = 0;
			knownRegions = (
				en,
				Base,
			);
			mainGroup = 140D83A6225FA9AE0095D600;
			productRefGroup = 140D83B0225FA9AE0095D600 /* Products */;
			projectDirPath = "";
			projectRoot = "";
			targets = (
				140D83AE225FA9AE0095D600 /* Todoey */,
			);
		};
/* End PBXProject section */

/* Begin PBXResourcesBuildPhase section */
		140D83AD225FA9AE0095D600 /* Resources */ = {
			isa = PBXResourcesBuildPhase;
			buildActionMask = 2147483647;
			files = (
				140D83BD225FA9AF0095D600 /* LaunchScreen.storyboard in Resources */,
				140D83BA225FA9AF0095D600 /* Assets.xcassets in Resources */,
				140D83B8225FA9AE0095D600 /* Main.storyboard in Resources */,
			);
			runOnlyForDeploymentPostprocessing = 0;
		};
/* End PBXResourcesBuildPhase section */

/* Begin PBXShellScriptBuildPhase section */
		79C18EE7F5D6BE5BE22B7BF2 /* [CP] Embed Pods Frameworks */ = {
			isa = PBXShellScriptBuildPhase;
			buildActionMask = 2147483647;
			files = (
			);
			inputFileListPaths = (
			);
			inputPaths = (
				"${PODS_ROOT}/Target Support Files/Pods-Todoey/Pods-Todoey-frameworks.sh",
				"${BUILT_PRODUCTS_DIR}/ChameleonFramework/ChameleonFramework.framework",
				"${BUILT_PRODUCTS_DIR}/Realm/Realm.framework",
				"${BUILT_PRODUCTS_DIR}/RealmSwift/RealmSwift.framework",
				"${BUILT_PRODUCTS_DIR}/SwipeCellKit/SwipeCellKit.framework",
			);
			name = "[CP] Embed Pods Frameworks";
			outputFileListPaths = (
			);
			outputPaths = (
				"${TARGET_BUILD_DIR}/${FRAMEWORKS_FOLDER_PATH}/ChameleonFramework.framework",
				"${TARGET_BUILD_DIR}/${FRAMEWORKS_FOLDER_PATH}/Realm.framework",
				"${TARGET_BUILD_DIR}/${FRAMEWORKS_FOLDER_PATH}/RealmSwift.framework",
				"${TARGET_BUILD_DIR}/${FRAMEWORKS_FOLDER_PATH}/SwipeCellKit.framework",
			);
			runOnlyForDeploymentPostprocessing = 0;
			shellPath = /bin/sh;
			shellScript = "\"${PODS_ROOT}/Target Support Files/Pods-Todoey/Pods-Todoey-frameworks.sh\"\n";
			showEnvVarsInLog = 0;
		};
		A99E05FF78D875C15EF7A096 /* [CP] Check Pods Manifest.lock */ = {
			isa = PBXShellScriptBuildPhase;
			buildActionMask = 2147483647;
			files = (
			);
			inputFileListPaths = (
			);
			inputPaths = (
				"${PODS_PODFILE_DIR_PATH}/Podfile.lock",
				"${PODS_ROOT}/Manifest.lock",
			);
			name = "[CP] Check Pods Manifest.lock";
			outputFileListPaths = (
			);
			outputPaths = (
				"$(DERIVED_FILE_DIR)/Pods-Todoey-checkManifestLockResult.txt",
			);
			runOnlyForDeploymentPostprocessing = 0;
			shellPath = /bin/sh;
			shellScript = "diff \"${PODS_PODFILE_DIR_PATH}/Podfile.lock\" \"${PODS_ROOT}/Manifest.lock\" > /dev/null\nif [ $? != 0 ] ; then\n    # print error to STDERR\n    echo \"error: The sandbox is not in sync with the Podfile.lock. Run 'pod install' or update your CocoaPods installation.\" >&2\n    exit 1\nfi\n# This output is used by Xcode 'outputs' to avoid re-running this script phase.\necho \"SUCCESS\" > \"${SCRIPT_OUTPUT_FILE_0}\"\n";
			showEnvVarsInLog = 0;
		};
/* End PBXShellScriptBuildPhase section */

/* Begin PBXSourcesBuildPhase section */
		140D83AB225FA9AE0095D600 /* Sources */ = {
			isa = PBXSourcesBuildPhase;
			buildActionMask = 2147483647;
			files = (
				140D83F32264AC090095D600 /* Data.swift in Sources */,
				140D83F72264B0DB0095D600 /* CategoryData.swift in Sources */,
				140D83FB2264B2110095D600 /* CategoryCoreDataViewController.swift in Sources */,
				140D83EF2262518B0095D600 /* TodoListUserDefaultsAndNSCoderController.swift in Sources */,
				140D83FD22689B030095D600 /* SwipeTableViewController.swift in Sources */,
				140D83F52264B0C20095D600 /* ItemData.swift in Sources */,
				140D83F92264B1F60095D600 /* TodoCoreDataViewController.swift in Sources */,
				140D83B5225FA9AE0095D600 /* TodoListViewController.swift in Sources */,
				140D83ED226248970095D600 /* DataModel.xcdatamodeld in Sources */,
				140D83C52260B1E90095D600 /* ItemModel.swift in Sources */,
				140D83F122634B700095D600 /* CategoryViewController.swift in Sources */,
				140D83B3225FA9AE0095D600 /* AppDelegate.swift in Sources */,
			);
			runOnlyForDeploymentPostprocessing = 0;
		};
/* End PBXSourcesBuildPhase section */

/* Begin PBXVariantGroup section */
		140D83B6225FA9AE0095D600 /* Main.storyboard */ = {
			isa = PBXVariantGroup;
			children = (
				140D83B7225FA9AE0095D600 /* Base */,
			);
			name = Main.storyboard;
			sourceTree = "<group>";
		};
		140D83BB225FA9AF0095D600 /* LaunchScreen.storyboard */ = {
			isa = PBXVariantGroup;
			children = (
				140D83BC225FA9AF0095D600 /* Base */,
			);
			name = LaunchScreen.storyboard;
			sourceTree = "<group>";
		};
/* End PBXVariantGroup section */

/* Begin XCBuildConfiguration section */
		140D83BF225FA9AF0095D600 /* Debug */ = {
			isa = XCBuildConfiguration;
			buildSettings = {
				ALWAYS_SEARCH_USER_PATHS = NO;
				CLANG_ANALYZER_NONNULL = YES;
				CLANG_ANALYZER_NUMBER_OBJECT_CONVERSION = YES_AGGRESSIVE;
				CLANG_CXX_LANGUAGE_STANDARD = "gnu++14";
				CLANG_CXX_LIBRARY = "libc++";
				CLANG_ENABLE_MODULES = YES;
				CLANG_ENABLE_OBJC_ARC = YES;
				CLANG_ENABLE_OBJC_WEAK = YES;
				CLANG_WARN_BLOCK_CAPTURE_AUTORELEASING = YES;
				CLANG_WARN_BOOL_CONVERSION = YES;
				CLANG_WARN_COMMA = YES;
				CLANG_WARN_CONSTANT_CONVERSION = YES;
				CLANG_WARN_DEPRECATED_OBJC_IMPLEMENTATIONS = YES;
				CLANG_WARN_DIRECT_OBJC_ISA_USAGE = YES_ERROR;
				CLANG_WARN_DOCUMENTATION_COMMENTS = YES;
				CLANG_WARN_EMPTY_BODY = YES;
				CLANG_WARN_ENUM_CONVERSION = YES;
				CLANG_WARN_INFINITE_RECURSION = YES;
				CLANG_WARN_INT_CONVERSION = YES;
				CLANG_WARN_NON_LITERAL_NULL_CONVERSION = YES;
				CLANG_WARN_OBJC_IMPLICIT_RETAIN_SELF = YES;
				CLANG_WARN_OBJC_LITERAL_CONVERSION = YES;
				CLANG_WARN_OBJC_ROOT_CLASS = YES_ERROR;
				CLANG_WARN_RANGE_LOOP_ANALYSIS = YES;
				CLANG_WARN_STRICT_PROTOTYPES = YES;
				CLANG_WARN_SUSPICIOUS_MOVE = YES;
				CLANG_WARN_UNGUARDED_AVAILABILITY = YES_AGGRESSIVE;
				CLANG_WARN_UNREACHABLE_CODE = YES;
				CLANG_WARN__DUPLICATE_METHOD_MATCH = YES;
				CODE_SIGN_IDENTITY = "iPhone Developer";
				COPY_PHASE_STRIP = NO;
				DEBUG_INFORMATION_FORMAT = dwarf;
				ENABLE_STRICT_OBJC_MSGSEND = YES;
				ENABLE_TESTABILITY = YES;
				GCC_C_LANGUAGE_STANDARD = gnu11;
				GCC_DYNAMIC_NO_PIC = NO;
				GCC_NO_COMMON_BLOCKS = YES;
				GCC_OPTIMIZATION_LEVEL = 0;
				GCC_PREPROCESSOR_DEFINITIONS = (
					"DEBUG=1",
					"$(inherited)",
				);
				GCC_WARN_64_TO_32_BIT_CONVERSION = YES;
				GCC_WARN_ABOUT_RETURN_TYPE = YES_ERROR;
				GCC_WARN_UNDECLARED_SELECTOR = YES;
				GCC_WARN_UNINITIALIZED_AUTOS = YES_AGGRESSIVE;
				GCC_WARN_UNUSED_FUNCTION = YES;
				GCC_WARN_UNUSED_VARIABLE = YES;
				IPHONEOS_DEPLOYMENT_TARGET = 12.2;
				MTL_ENABLE_DEBUG_INFO = INCLUDE_SOURCE;
				MTL_FAST_MATH = YES;
				ONLY_ACTIVE_ARCH = YES;
				SDKROOT = iphoneos;
				SWIFT_ACTIVE_COMPILATION_CONDITIONS = DEBUG;
				SWIFT_OPTIMIZATION_LEVEL = "-Onone";
			};
			name = Debug;
		};
		140D83C0225FA9AF0095D600 /* Release */ = {
			isa = XCBuildConfiguration;
			buildSettings = {
				ALWAYS_SEARCH_USER_PATHS = NO;
				CLANG_ANALYZER_NONNULL = YES;
				CLANG_ANALYZER_NUMBER_OBJECT_CONVERSION = YES_AGGRESSIVE;
				CLANG_CXX_LANGUAGE_STANDARD = "gnu++14";
				CLANG_CXX_LIBRARY = "libc++";
				CLANG_ENABLE_MODULES = YES;
				CLANG_ENABLE_OBJC_ARC = YES;
				CLANG_ENABLE_OBJC_WEAK = YES;
				CLANG_WARN_BLOCK_CAPTURE_AUTORELEASING = YES;
				CLANG_WARN_BOOL_CONVERSION = YES;
				CLANG_WARN_COMMA = YES;
				CLANG_WARN_CONSTANT_CONVERSION = YES;
				CLANG_WARN_DEPRECATED_OBJC_IMPLEMENTATIONS = YES;
				CLANG_WARN_DIRECT_OBJC_ISA_USAGE = YES_ERROR;
				CLANG_WARN_DOCUMENTATION_COMMENTS = YES;
				CLANG_WARN_EMPTY_BODY = YES;
				CLANG_WARN_ENUM_CONVERSION = YES;
				CLANG_WARN_INFINITE_RECURSION = YES;
				CLANG_WARN_INT_CONVERSION = YES;
				CLANG_WARN_NON_LITERAL_NULL_CONVERSION = YES;
				CLANG_WARN_OBJC_IMPLICIT_RETAIN_SELF = YES;
				CLANG_WARN_OBJC_LITERAL_CONVERSION = YES;
				CLANG_WARN_OBJC_ROOT_CLASS = YES_ERROR;
				CLANG_WARN_RANGE_LOOP_ANALYSIS = YES;
				CLANG_WARN_STRICT_PROTOTYPES = YES;
				CLANG_WARN_SUSPICIOUS_MOVE = YES;
				CLANG_WARN_UNGUARDED_AVAILABILITY = YES_AGGRESSIVE;
				CLANG_WARN_UNREACHABLE_CODE = YES;
				CLANG_WARN__DUPLICATE_METHOD_MATCH = YES;
				CODE_SIGN_IDENTITY = "iPhone Developer";
				COPY_PHASE_STRIP = NO;
				DEBUG_INFORMATION_FORMAT = "dwarf-with-dsym";
				ENABLE_NS_ASSERTIONS = NO;
				ENABLE_STRICT_OBJC_MSGSEND = YES;
				GCC_C_LANGUAGE_STANDARD = gnu11;
				GCC_NO_COMMON_BLOCKS = YES;
				GCC_WARN_64_TO_32_BIT_CONVERSION = YES;
				GCC_WARN_ABOUT_RETURN_TYPE = YES_ERROR;
				GCC_WARN_UNDECLARED_SELECTOR = YES;
				GCC_WARN_UNINITIALIZED_AUTOS = YES_AGGRESSIVE;
				GCC_WARN_UNUSED_FUNCTION = YES;
				GCC_WARN_UNUSED_VARIABLE = YES;
				IPHONEOS_DEPLOYMENT_TARGET = 12.2;
				MTL_ENABLE_DEBUG_INFO = NO;
				MTL_FAST_MATH = YES;
				SDKROOT = iphoneos;
				SWIFT_COMPILATION_MODE = wholemodule;
				SWIFT_OPTIMIZATION_LEVEL = "-O";
				VALIDATE_PRODUCT = YES;
			};
			name = Release;
		};
		140D83C2225FA9AF0095D600 /* Debug */ = {
			isa = XCBuildConfiguration;
			baseConfigurationReference = 44068FAC6FF0F123733A3169 /* Pods-Todoey.debug.xcconfig */;
			buildSettings = {
				ASSETCATALOG_COMPILER_APPICON_NAME = AppIcon;
				CODE_SIGN_STYLE = Automatic;
				INFOPLIST_FILE = Todoey/Info.plist;
				LD_RUNPATH_SEARCH_PATHS = (
					"$(inherited)",
					"@executable_path/Frameworks",
				);
				PRODUCT_BUNDLE_IDENTIFIER = com.iniongungroups.Todoey;
				PRODUCT_NAME = "$(TARGET_NAME)";
				SWIFT_VERSION = 5.0;
				TARGETED_DEVICE_FAMILY = "1,2";
			};
			name = Debug;
		};
		140D83C3225FA9AF0095D600 /* Release */ = {
			isa = XCBuildConfiguration;
			baseConfigurationReference = A007367614C1E55574E42AA2 /* Pods-Todoey.release.xcconfig */;
			buildSettings = {
				ASSETCATALOG_COMPILER_APPICON_NAME = AppIcon;
				CODE_SIGN_STYLE = Automatic;
				INFOPLIST_FILE = Todoey/Info.plist;
				LD_RUNPATH_SEARCH_PATHS = (
					"$(inherited)",
					"@executable_path/Frameworks",
				);
				PRODUCT_BUNDLE_IDENTIFIER = com.iniongungroups.Todoey;
				PRODUCT_NAME = "$(TARGET_NAME)";
				SWIFT_VERSION = 5.0;
				TARGETED_DEVICE_FAMILY = "1,2";
			};
			name = Release;
		};
/* End XCBuildConfiguration section */

/* Begin XCConfigurationList section */
		140D83AA225FA9AE0095D600 /* Build configuration list for PBXProject "Todoey" */ = {
			isa = XCConfigurationList;
			buildConfigurations = (
				140D83BF225FA9AF0095D600 /* Debug */,
				140D83C0225FA9AF0095D600 /* Release */,
			);
			defaultConfigurationIsVisible = 0;
			defaultConfigurationName = Release;
		};
		140D83C1225FA9AF0095D600 /* Build configuration list for PBXNativeTarget "Todoey" */ = {
			isa = XCConfigurationList;
			buildConfigurations = (
				140D83C2225FA9AF0095D600 /* Debug */,
				140D83C3225FA9AF0095D600 /* Release */,
			);
			defaultConfigurationIsVisible = 0;
			defaultConfigurationName = Release;
		};
/* End XCConfigurationList section */

/* Begin XCVersionGroup section */
		140D83EB226248970095D600 /* DataModel.xcdatamodeld */ = {
			isa = XCVersionGroup;
			children = (
				140D83EC226248970095D600 /* DataModel.xcdatamodel */,
			);
			currentVersion = 140D83EC226248970095D600 /* DataModel.xcdatamodel */;
			path = DataModel.xcdatamodeld;
			sourceTree = "<group>";
			versionGroupType = wrapper.xcdatamodel;
		};
/* End XCVersionGroup section */
	};
	rootObject = 140D83A7225FA9AE0095D600 /* Project object */;
}
